
Microsoft Visual Studio Solution File, Format Version 12.00
# Visual Studio Version 17
VisualStudioVersion = 17.13.35806.99 d17.13
MinimumVisualStudioVersion = 10.0.40219.1
Project("{FAE04EC0-301F-11D3-BF4B-00C04F79EFBC}") = "Practica1_Conversor", "Practica1_Conversor\Practica1_Conversor.csproj", "{D3FC25EA-5BEB-4271-95DD-12B74EF3D9E3}"
EndProject
Global
	GlobalSection(SolutionConfigurationPlatforms) = preSolution
		Debug|Any CPU = Debug|Any CPU
		Release|Any CPU = Release|Any CPU
	EndGlobalSection
	GlobalSection(ProjectConfigurationPlatforms) = postSolution
		{D3FC25EA-5BEB-4271-95DD-12B74EF3D9E3}.Debug|Any CPU.ActiveCfg = Debug|Any CPU
		{D3FC25EA-5BEB-4271-95DD-12B74EF3D9E3}.Debug|Any CPU.Build.0 = Debug|Any CPU
		{D3FC25EA-5BEB-4271-95DD-12B74EF3D9E3}.Release|Any CPU.ActiveCfg = Release|Any CPU
		{D3FC25EA-5BEB-4271-95DD-12B74EF3D9E3}.Release|Any CPU.Build.0 = Release|Any CPU
	EndGlobalSection
	GlobalSection(SolutionProperties) = preSolution
		HideSolutionNode = FALSE
	EndGlobalSection
	GlobalSection(ExtensibilityGlobals) = postSolution
		SolutionGuid = {B79E686E-37E0-4782-9757-DDAC5F7ADB50}
	EndGlobalSection
EndGlobal
